// !$*UTF8*$!
{
	archiveVersion = 1;
	classes = {
	};
	objectVersion = 46;
	objects = {

/* Begin PBXBuildFile section */
		A7662EE21A73828E00882528 /* main.m in Sources */ = {isa = PBXBuildFile; fileRef = A7662EE11A73828E00882528 /* main.m */; };
		A7662EE51A73828E00882528 /* AppDelegate.m in Sources */ = {isa = PBXBuildFile; fileRef = A7662EE41A73828E00882528 /* AppDelegate.m */; };
		A7662EE81A73828E00882528 /* ViewController.m in Sources */ = {isa = PBXBuildFile; fileRef = A7662EE71A73828E00882528 /* ViewController.m */; };
		A7662EEB1A73828E00882528 /* Main.storyboard in Resources */ = {isa = PBXBuildFile; fileRef = A7662EE91A73828E00882528 /* Main.storyboard */; };
		A7662EED1A73828E00882528 /* Images.xcassets in Resources */ = {isa = PBXBuildFile; fileRef = A7662EEC1A73828E00882528 /* Images.xcassets */; };
		A7662EF01A73828E00882528 /* LaunchScreen.xib in Resources */ = {isa = PBXBuildFile; fileRef = A7662EEE1A73828E00882528 /* LaunchScreen.xib */; };
		A7662EFC1A73828F00882528 /* FarziTests.m in Sources */ = {isa = PBXBuildFile; fileRef = A7662EFB1A73828F00882528 /* FarziTests.m */; };
		A7662F061A73853800882528 /* GoogleMaps.framework in Frameworks */ = {isa = PBXBuildFile; fileRef = A7662F051A73853800882528 /* GoogleMaps.framework */; };
		A7662F081A73857400882528 /* GoogleMaps.bundle in Resources */ = {isa = PBXBuildFile; fileRef = A7662F071A73857400882528 /* GoogleMaps.bundle */; };
		A7662F0A1A7385D400882528 /* AVFoundation.framework in Frameworks */ = {isa = PBXBuildFile; fileRef = A7662F091A7385D400882528 /* AVFoundation.framework */; };
		A7662F0C1A7385DE00882528 /* CoreData.framework in Frameworks */ = {isa = PBXBuildFile; fileRef = A7662F0B1A7385DE00882528 /* CoreData.framework */; };
		A7662F0E1A7385E500882528 /* CoreLocation.framework in Frameworks */ = {isa = PBXBuildFile; fileRef = A7662F0D1A7385E500882528 /* CoreLocation.framework */; };
		A7662F101A7385ED00882528 /* CoreText.framework in Frameworks */ = {isa = PBXBuildFile; fileRef = A7662F0F1A7385ED00882528 /* CoreText.framework */; };
		A7662F121A7385F400882528 /* GLKit.framework in Frameworks */ = {isa = PBXBuildFile; fileRef = A7662F111A7385F400882528 /* GLKit.framework */; };
		A7662F141A7385FB00882528 /* ImageIO.framework in Frameworks */ = {isa = PBXBuildFile; fileRef = A7662F131A7385FB00882528 /* ImageIO.framework */; };
		A7662F161A73860B00882528 /* libc++.dylib in Frameworks */ = {isa = PBXBuildFile; fileRef = A7662F151A73860B00882528 /* libc++.dylib */; };
		A7662F181A73861500882528 /* libicucore.dylib in Frameworks */ = {isa = PBXBuildFile; fileRef = A7662F171A73861500882528 /* libicucore.dylib */; };
		A7662F1A1A73861F00882528 /* libz.dylib in Frameworks */ = {isa = PBXBuildFile; fileRef = A7662F191A73861F00882528 /* libz.dylib */; };
		A7662F1C1A73862700882528 /* OpenGLES.framework in Frameworks */ = {isa = PBXBuildFile; fileRef = A7662F1B1A73862700882528 /* OpenGLES.framework */; };
		A7662F1E1A73862F00882528 /* QuartzCore.framework in Frameworks */ = {isa = PBXBuildFile; fileRef = A7662F1D1A73862F00882528 /* QuartzCore.framework */; };
		A7662F201A73863700882528 /* SystemConfiguration.framework in Frameworks */ = {isa = PBXBuildFile; fileRef = A7662F1F1A73863700882528 /* SystemConfiguration.framework */; };
/* End PBXBuildFile section */

/* Begin PBXContainerItemProxy section */
		A7662EF61A73828F00882528 /* PBXContainerItemProxy */ = {
			isa = PBXContainerItemProxy;
			containerPortal = A7662ED41A73828E00882528 /* Project object */;
			proxyType = 1;
			remoteGlobalIDString = A7662EDB1A73828E00882528;
			remoteInfo = Farzi;
		};
/* End PBXContainerItemProxy section */

/* Begin PBXFileReference section */
		A7662EDC1A73828E00882528 /* Farzi.app */ = {isa = PBXFileReference; explicitFileType = wrapper.application; includeInIndex = 0; path = Farzi.app; sourceTree = BUILT_PRODUCTS_DIR; };
		A7662EE01A73828E00882528 /* Info.plist */ = {isa = PBXFileReference; lastKnownFileType = text.plist.xml; path = Info.plist; sourceTree = "<group>"; };
		A7662EE11A73828E00882528 /* main.m */ = {isa = PBXFileReference; lastKnownFileType = sourcecode.c.objc; path = main.m; sourceTree = "<group>"; };
		A7662EE31A73828E00882528 /* AppDelegate.h */ = {isa = PBXFileReference; lastKnownFileType = sourcecode.c.h; path = AppDelegate.h; sourceTree = "<group>"; };
		A7662EE41A73828E00882528 /* AppDelegate.m */ = {isa = PBXFileReference; lastKnownFileType = sourcecode.c.objc; path = AppDelegate.m; sourceTree = "<group>"; };
		A7662EE61A73828E00882528 /* ViewController.h */ = {isa = PBXFileReference; lastKnownFileType = sourcecode.c.h; path = ViewController.h; sourceTree = "<group>"; };
		A7662EE71A73828E00882528 /* ViewController.m */ = {isa = PBXFileReference; lastKnownFileType = sourcecode.c.objc; path = ViewController.m; sourceTree = "<group>"; };
		A7662EEA1A73828E00882528 /* Base */ = {isa = PBXFileReference; lastKnownFileType = file.storyboard; name = Base; path = Base.lproj/Main.storyboard; sourceTree = "<group>"; };
		A7662EEC1A73828E00882528 /* Images.xcassets */ = {isa = PBXFileReference; lastKnownFileType = folder.assetcatalog; path = Images.xcassets; sourceTree = "<group>"; };
		A7662EEF1A73828E00882528 /* Base */ = {isa = PBXFileReference; lastKnownFileType = file.xib; name = Base; path = Base.lproj/LaunchScreen.xib; sourceTree = "<group>"; };
		A7662EF51A73828F00882528 /* FarziTests.xctest */ = {isa = PBXFileReference; explicitFileType = wrapper.cfbundle; includeInIndex = 0; path = FarziTests.xctest; sourceTree = BUILT_PRODUCTS_DIR; };
		A7662EFA1A73828F00882528 /* Info.plist */ = {isa = PBXFileReference; lastKnownFileType = text.plist.xml; path = Info.plist; sourceTree = "<group>"; };
		A7662EFB1A73828F00882528 /* FarziTests.m */ = {isa = PBXFileReference; lastKnownFileType = sourcecode.c.objc; path = FarziTests.m; sourceTree = "<group>"; };
		A7662F051A73853800882528 /* GoogleMaps.framework */ = {isa = PBXFileReference; lastKnownFileType = wrapper.framework; path = GoogleMaps.framework; sourceTree = "<group>"; };
		A7662F071A73857400882528 /* GoogleMaps.bundle */ = {isa = PBXFileReference; lastKnownFileType = "wrapper.plug-in"; name = GoogleMaps.bundle; path = GoogleMaps.framework/Versions/A/Resources/GoogleMaps.bundle; sourceTree = "<group>"; };
		A7662F091A7385D400882528 /* AVFoundation.framework */ = {isa = PBXFileReference; lastKnownFileType = wrapper.framework; name = AVFoundation.framework; path = System/Library/Frameworks/AVFoundation.framework; sourceTree = SDKROOT; };
		A7662F0B1A7385DE00882528 /* CoreData.framework */ = {isa = PBXFileReference; lastKnownFileType = wrapper.framework; name = CoreData.framework; path = System/Library/Frameworks/CoreData.framework; sourceTree = SDKROOT; };
		A7662F0D1A7385E500882528 /* CoreLocation.framework */ = {isa = PBXFileReference; lastKnownFileType = wrapper.framework; name = CoreLocation.framework; path = System/Library/Frameworks/CoreLocation.framework; sourceTree = SDKROOT; };
		A7662F0F1A7385ED00882528 /* CoreText.framework */ = {isa = PBXFileReference; lastKnownFileType = wrapper.framework; name = CoreText.framework; path = System/Library/Frameworks/CoreText.framework; sourceTree = SDKROOT; };
		A7662F111A7385F400882528 /* GLKit.framework */ = {isa = PBXFileReference; lastKnownFileType = wrapper.framework; name = GLKit.framework; path = System/Library/Frameworks/GLKit.framework; sourceTree = SDKROOT; };
		A7662F131A7385FB00882528 /* ImageIO.framework */ = {isa = PBXFileReference; lastKnownFileType = wrapper.framework; name = ImageIO.framework; path = System/Library/Frameworks/ImageIO.framework; sourceTree = SDKROOT; };
		A7662F151A73860B00882528 /* libc++.dylib */ = {isa = PBXFileReference; lastKnownFileType = "compiled.mach-o.dylib"; name = "libc++.dylib"; path = "usr/lib/libc++.dylib"; sourceTree = SDKROOT; };
		A7662F171A73861500882528 /* libicucore.dylib */ = {isa = PBXFileReference; lastKnownFileType = "compiled.mach-o.dylib"; name = libicucore.dylib; path = usr/lib/libicucore.dylib; sourceTree = SDKROOT; };
		A7662F191A73861F00882528 /* libz.dylib */ = {isa = PBXFileReference; lastKnownFileType = "compiled.mach-o.dylib"; name = libz.dylib; path = usr/lib/libz.dylib; sourceTree = SDKROOT; };
		A7662F1B1A73862700882528 /* OpenGLES.framework */ = {isa = PBXFileReference; lastKnownFileType = wrapper.framework; name = OpenGLES.framework; path = System/Library/Frameworks/OpenGLES.framework; sourceTree = SDKROOT; };
		A7662F1D1A73862F00882528 /* QuartzCore.framework */ = {isa = PBXFileReference; lastKnownFileType = wrapper.framework; name = QuartzCore.framework; path = System/Library/Frameworks/QuartzCore.framework; sourceTree = SDKROOT; };
		A7662F1F1A73863700882528 /* SystemConfiguration.framework */ = {isa = PBXFileReference; lastKnownFileType = wrapper.framework; name = SystemConfiguration.framework; path = System/Library/Frameworks/SystemConfiguration.framework; sourceTree = SDKROOT; };
/* End PBXFileReference section */

/* Begin PBXFrameworksBuildPhase section */
		A7662ED91A73828E00882528 /* Frameworks */ = {
			isa = PBXFrameworksBuildPhase;
			buildActionMask = 2147483647;
			files = (
				A7662F201A73863700882528 /* SystemConfiguration.framework in Frameworks */,
				A7662F1E1A73862F00882528 /* QuartzCore.framework in Frameworks */,
				A7662F1C1A73862700882528 /* OpenGLES.framework in Frameworks */,
				A7662F1A1A73861F00882528 /* libz.dylib in Frameworks */,
				A7662F181A73861500882528 /* libicucore.dylib in Frameworks */,
				A7662F161A73860B00882528 /* libc++.dylib in Frameworks */,
				A7662F141A7385FB00882528 /* ImageIO.framework in Frameworks */,
				A7662F121A7385F400882528 /* GLKit.framework in Frameworks */,
				A7662F101A7385ED00882528 /* CoreText.framework in Frameworks */,
				A7662F0E1A7385E500882528 /* CoreLocation.framework in Frameworks */,
				A7662F0C1A7385DE00882528 /* CoreData.framework in Frameworks */,
				A7662F0A1A7385D400882528 /* AVFoundation.framework in Frameworks */,
				A7662F061A73853800882528 /* GoogleMaps.framework in Frameworks */,
			);
			runOnlyForDeploymentPostprocessing = 0;
		};
		A7662EF21A73828F00882528 /* Frameworks */ = {
			isa = PBXFrameworksBuildPhase;
			buildActionMask = 2147483647;
			files = (
			);
			runOnlyForDeploymentPostprocessing = 0;
		};
/* End PBXFrameworksBuildPhase section */

/* Begin PBXGroup section */
		A7662ED31A73828E00882528 = {
			isa = PBXGroup;
			children = (
				A7662EDE1A73828E00882528 /* Farzi */,
				A7662EF81A73828F00882528 /* FarziTests */,
				A7662EDD1A73828E00882528 /* Products */,
			);
			sourceTree = "<group>";
		};
		A7662EDD1A73828E00882528 /* Products */ = {
			isa = PBXGroup;
			children = (
				A7662EDC1A73828E00882528 /* Farzi.app */,
				A7662EF51A73828F00882528 /* FarziTests.xctest */,
			);
			name = Products;
			sourceTree = "<group>";
		};
		A7662EDE1A73828E00882528 /* Farzi */ = {
			isa = PBXGroup;
			children = (
				A7662EE31A73828E00882528 /* AppDelegate.h */,
				A7662EE41A73828E00882528 /* AppDelegate.m */,
				A7662EE61A73828E00882528 /* ViewController.h */,
				A7662EE71A73828E00882528 /* ViewController.m */,
				A7662EE91A73828E00882528 /* Main.storyboard */,
				A7662EEC1A73828E00882528 /* Images.xcassets */,
				A7662EEE1A73828E00882528 /* LaunchScreen.xib */,
				A7662EDF1A73828E00882528 /* Supporting Files */,
			);
			path = Farzi;
			sourceTree = "<group>";
		};
		A7662EDF1A73828E00882528 /* Supporting Files */ = {
			isa = PBXGroup;
			children = (
				A7662EE01A73828E00882528 /* Info.plist */,
				A7662F071A73857400882528 /* GoogleMaps.bundle */,
				A7662F051A73853800882528 /* GoogleMaps.framework */,
				A7662F1F1A73863700882528 /* SystemConfiguration.framework */,
				A7662F1D1A73862F00882528 /* QuartzCore.framework */,
				A7662F1B1A73862700882528 /* OpenGLES.framework */,
				A7662F191A73861F00882528 /* libz.dylib */,
				A7662F171A73861500882528 /* libicucore.dylib */,
				A7662F151A73860B00882528 /* libc++.dylib */,
				A7662F131A7385FB00882528 /* ImageIO.framework */,
				A7662F111A7385F400882528 /* GLKit.framework */,
				A7662F0F1A7385ED00882528 /* CoreText.framework */,
				A7662F0D1A7385E500882528 /* CoreLocation.framework */,
				A7662F0B1A7385DE00882528 /* CoreData.framework */,
				A7662F091A7385D400882528 /* AVFoundation.framework */,
				A7662EE11A73828E00882528 /* main.m */,
			);
			name = "Supporting Files";
			sourceTree = "<group>";
		};
		A7662EF81A73828F00882528 /* FarziTests */ = {
			isa = PBXGroup;
			children = (
				A7662EFB1A73828F00882528 /* FarziTests.m */,
				A7662EF91A73828F00882528 /* Supporting Files */,
			);
			path = FarziTests;
			sourceTree = "<group>";
		};
		A7662EF91A73828F00882528 /* Supporting Files */ = {
			isa = PBXGroup;
			children = (
				A7662EFA1A73828F00882528 /* Info.plist */,
			);
			name = "Supporting Files";
			sourceTree = "<group>";
		};
/* End PBXGroup section */

/* Begin PBXNativeTarget section */
		A7662EDB1A73828E00882528 /* Farzi */ = {
			isa = PBXNativeTarget;
			buildConfigurationList = A7662EFF1A73828F00882528 /* Build configuration list for PBXNativeTarget "Farzi" */;
			buildPhases = (
				A7662ED81A73828E00882528 /* Sources */,
				A7662ED91A73828E00882528 /* Frameworks */,
				A7662EDA1A73828E00882528 /* Resources */,
			);
			buildRules = (
			);
			dependencies = (
			);
			name = Farzi;
			productName = Farzi;
			productReference = A7662EDC1A73828E00882528 /* Farzi.app */;
			productType = "com.apple.product-type.application";
		};
		A7662EF41A73828F00882528 /* FarziTests */ = {
			isa = PBXNativeTarget;
			buildConfigurationList = A7662F021A73828F00882528 /* Build configuration list for PBXNativeTarget "FarziTests" */;
			buildPhases = (
				A7662EF11A73828F00882528 /* Sources */,
				A7662EF21A73828F00882528 /* Frameworks */,
				A7662EF31A73828F00882528 /* Resources */,
			);
			buildRules = (
			);
			dependencies = (
				A7662EF71A73828F00882528 /* PBXTargetDependency */,
			);
			name = FarziTests;
			productName = FarziTests;
			productReference = A7662EF51A73828F00882528 /* FarziTests.xctest */;
			productType = "com.apple.product-type.bundle.unit-test";
		};
/* End PBXNativeTarget section */

/* Begin PBXProject section */
		A7662ED41A73828E00882528 /* Project object */ = {
			isa = PBXProject;
			attributes = {
				LastUpgradeCheck = 0610;
				ORGANIZATIONNAME = "Omar Thanawalla";
				TargetAttributes = {
					A7662EDB1A73828E00882528 = {
						CreatedOnToolsVersion = 6.1.1;
					};
					A7662EF41A73828F00882528 = {
						CreatedOnToolsVersion = 6.1.1;
						TestTargetID = A7662EDB1A73828E00882528;
					};
				};
			};
			buildConfigurationList = A7662ED71A73828E00882528 /* Build configuration list for PBXProject "Farzi" */;
			compatibilityVersion = "Xcode 3.2";
			developmentRegion = English;
			hasScannedForEncodings = 0;
			knownRegions = (
				en,
				Base,
			);
			mainGroup = A7662ED31A73828E00882528;
			productRefGroup = A7662EDD1A73828E00882528 /* Products */;
			projectDirPath = "";
			projectRoot = "";
			targets = (
				A7662EDB1A73828E00882528 /* Farzi */,
				A7662EF41A73828F00882528 /* FarziTests */,
			);
		};
/* End PBXProject section */

/* Begin PBXResourcesBuildPhase section */
		A7662EDA1A73828E00882528 /* Resources */ = {
			isa = PBXResourcesBuildPhase;
			buildActionMask = 2147483647;
			files = (
				A7662EEB1A73828E00882528 /* Main.storyboard in Resources */,
				A7662EF01A73828E00882528 /* LaunchScreen.xib in Resources */,
				A7662EED1A73828E00882528 /* Images.xcassets in Resources */,
				A7662F081A73857400882528 /* GoogleMaps.bundle in Resources */,
			);
			runOnlyForDeploymentPostprocessing = 0;
		};
		A7662EF31A73828F00882528 /* Resources */ = {
			isa = PBXResourcesBuildPhase;
			buildActionMask = 2147483647;
			files = (
			);
			runOnlyForDeploymentPostprocessing = 0;
		};
/* End PBXResourcesBuildPhase section */

/* Begin PBXSourcesBuildPhase section */
		A7662ED81A73828E00882528 /* Sources */ = {
			isa = PBXSourcesBuildPhase;
			buildActionMask = 2147483647;
			files = (
				A7662EE81A73828E00882528 /* ViewController.m in Sources */,
				A7662EE51A73828E00882528 /* AppDelegate.m in Sources */,
				A7662EE21A73828E00882528 /* main.m in Sources */,
			);
			runOnlyForDeploymentPostprocessing = 0;
		};
		A7662EF11A73828F00882528 /* Sources */ = {
			isa = PBXSourcesBuildPhase;
			buildActionMask = 2147483647;
			files = (
				A7662EFC1A73828F00882528 /* FarziTests.m in Sources */,
			);
			runOnlyForDeploymentPostprocessing = 0;
		};
/* End PBXSourcesBuildPhase section */

/* Begin PBXTargetDependency section */
		A7662EF71A73828F00882528 /* PBXTargetDependency */ = {
			isa = PBXTargetDependency;
			target = A7662EDB1A73828E00882528 /* Farzi */;
			targetProxy = A7662EF61A73828F00882528 /* PBXContainerItemProxy */;
		};
/* End PBXTargetDependency section */

/* Begin PBXVariantGroup section */
		A7662EE91A73828E00882528 /* Main.storyboard */ = {
			isa = PBXVariantGroup;
			children = (
				A7662EEA1A73828E00882528 /* Base */,
			);
			name = Main.storyboard;
			sourceTree = "<group>";
		};
		A7662EEE1A73828E00882528 /* LaunchScreen.xib */ = {
			isa = PBXVariantGroup;
			children = (
				A7662EEF1A73828E00882528 /* Base */,
			);
			name = LaunchScreen.xib;
			sourceTree = "<group>";
		};
/* End PBXVariantGroup section */

/* Begin XCBuildConfiguration section */
		A7662EFD1A73828F00882528 /* Debug */ = {
			isa = XCBuildConfiguration;
			buildSettings = {
				ALWAYS_SEARCH_USER_PATHS = NO;
				CLANG_CXX_LANGUAGE_STANDARD = "gnu++0x";
				CLANG_CXX_LIBRARY = "libc++";
				CLANG_ENABLE_MODULES = YES;
				CLANG_ENABLE_OBJC_ARC = YES;
				CLANG_WARN_BOOL_CONVERSION = YES;
				CLANG_WARN_CONSTANT_CONVERSION = YES;
				CLANG_WARN_DIRECT_OBJC_ISA_USAGE = YES_ERROR;
				CLANG_WARN_EMPTY_BODY = YES;
				CLANG_WARN_ENUM_CONVERSION = YES;
				CLANG_WARN_INT_CONVERSION = YES;
				CLANG_WARN_OBJC_ROOT_CLASS = YES_ERROR;
				CLANG_WARN_UNREACHABLE_CODE = YES;
				CLANG_WARN__DUPLICATE_METHOD_MATCH = YES;
				"CODE_SIGN_IDENTITY[sdk=iphoneos*]" = "iPhone Developer";
				COPY_PHASE_STRIP = NO;
				ENABLE_STRICT_OBJC_MSGSEND = YES;
				GCC_C_LANGUAGE_STANDARD = gnu99;
				GCC_DYNAMIC_NO_PIC = NO;
				GCC_OPTIMIZATION_LEVEL = 0;
				GCC_PREPROCESSOR_DEFINITIONS = (
					"DEBUG=1",
					"$(inherited)",
				);
				GCC_SYMBOLS_PRIVATE_EXTERN = NO;
				GCC_WARN_64_TO_32_BIT_CONVERSION = YES;
				GCC_WARN_ABOUT_RETURN_TYPE = YES_ERROR;
				GCC_WARN_UNDECLARED_SELECTOR = YES;
				GCC_WARN_UNINITIALIZED_AUTOS = YES_AGGRESSIVE;
				GCC_WARN_UNUSED_FUNCTION = YES;
				GCC_WARN_UNUSED_VARIABLE = YES;
				IPHONEOS_DEPLOYMENT_TARGET = 8.0;
				MTL_ENABLE_DEBUG_INFO = YES;
				ONLY_ACTIVE_ARCH = YES;
				"OTHER_LDFLAGS[arch=*]" = "-ObjC";
				SDKROOT = iphoneos;
			};
			name = Debug;
		};
		A7662EFE1A73828F00882528 /* Release */ = {
			isa = XCBuildConfiguration;
			buildSettings = {
				ALWAYS_SEARCH_USER_PATHS = NO;
				CLANG_CXX_LANGUAGE_STANDARD = "gnu++0x";
				CLANG_CXX_LIBRARY = "libc++";
				CLANG_ENABLE_MODULES = YES;
				CLANG_ENABLE_OBJC_ARC = YES;
				CLANG_WARN_BOOL_CONVERSION = YES;
				CLANG_WARN_CONSTANT_CONVERSION = YES;
				CLANG_WARN_DIRECT_OBJC_ISA_USAGE = YES_ERROR;
				CLANG_WARN_EMPTY_BODY = YES;
				CLANG_WARN_ENUM_CONVERSION = YES;
				CLANG_WARN_INT_CONVERSION = YES;
				CLANG_WARN_OBJC_ROOT_CLASS = YES_ERROR;
				CLANG_WARN_UNREACHABLE_CODE = YES;
				CLANG_WARN__DUPLICATE_METHOD_MATCH = YES;
				"CODE_SIGN_IDENTITY[sdk=iphoneos*]" = "iPhone Developer";
				COPY_PHASE_STRIP = YES;
				ENABLE_NS_ASSERTIONS = NO;
				ENABLE_STRICT_OBJC_MSGSEND = YES;
				GCC_C_LANGUAGE_STANDARD = gnu99;
				GCC_WARN_64_TO_32_BIT_CONVERSION = YES;
				GCC_WARN_ABOUT_RETURN_TYPE = YES_ERROR;
				GCC_WARN_UNDECLARED_SELECTOR = YES;
				GCC_WARN_UNINITIALIZED_AUTOS = YES_AGGRESSIVE;
				GCC_WARN_UNUSED_FUNCTION = YES;
				GCC_WARN_UNUSED_VARIABLE = YES;
				IPHONEOS_DEPLOYMENT_TARGET = 8.0;
				MTL_ENABLE_DEBUG_INFO = NO;
				"OTHER_LDFLAGS[arch=*]" = "-ObjC";
				SDKROOT = iphoneos;
				VALIDATE_PRODUCT = YES;
			};
			name = Release;
		};
		A7662F001A73828F00882528 /* Debug */ = {
			isa = XCBuildConfiguration;
			buildSettings = {
				ASSETCATALOG_COMPILER_APPICON_NAME = AppIcon;
				FRAMEWORK_SEARCH_PATHS = (
					"$(inherited)",
					"$(PROJECT_DIR)/Farzi",
				);
				INFOPLIST_FILE = Farzi/Info.plist;
				LD_RUNPATH_SEARCH_PATHS = "$(inherited) @executable_path/Frameworks";
				PRODUCT_NAME = "$(TARGET_NAME)";
			};
			name = Debug;
		};
		A7662F011A73828F00882528 /* Release */ = {
			isa = XCBuildConfiguration;
			buildSettings = {
				ASSETCATALOG_COMPILER_APPICON_NAME = AppIcon;
				FRAMEWORK_SEARCH_PATHS = (
					"$(inherited)",
					"$(PROJECT_DIR)/Farzi",
				);
				INFOPLIST_FILE = Farzi/Info.plist;
				LD_RUNPATH_SEARCH_PATHS = "$(inherited) @executable_path/Frameworks";
				PRODUCT_NAME = "$(TARGET_NAME)";
			};
			name = Release;
		};
		A7662F031A73828F00882528 /* Debug */ = {
			isa = XCBuildConfiguration;
			buildSettings = {
				BUNDLE_LOADER = "$(TEST_HOST)";
				FRAMEWORK_SEARCH_PATHS = (
					"$(SDKROOT)/Developer/Library/Frameworks",
					"$(inherited)",
				);
				GCC_PREPROCESSOR_DEFINITIONS = (
					"DEBUG=1",
					"$(inherited)",
				);
				INFOPLIST_FILE = FarziTests/Info.plist;
				LD_RUNPATH_SEARCH_PATHS = "$(inherited) @executable_path/Frameworks @loader_path/Frameworks";
				PRODUCT_NAME = "$(TARGET_NAME)";
				TEST_HOST = "$(BUILT_PRODUCTS_DIR)/Farzi.app/Farzi";
			};
			name = Debug;
		};
		A7662F041A73828F00882528 /* Release */ = {
			isa = XCBuildConfiguration;
			buildSettings = {
				BUNDLE_LOADER = "$(TEST_HOST)";
				FRAMEWORK_SEARCH_PATHS = (
					"$(SDKROOT)/Developer/Library/Frameworks",
					"$(inherited)",
				);
				INFOPLIST_FILE = FarziTests/Info.plist;
				LD_RUNPATH_SEARCH_PATHS = "$(inherited) @executable_path/Frameworks @loader_path/Frameworks";
				PRODUCT_NAME = "$(TARGET_NAME)";
				TEST_HOST = "$(BUILT_PRODUCTS_DIR)/Farzi.app/Farzi";
			};
			name = Release;
		};
/* End XCBuildConfiguration section */

/* Begin XCConfigurationList section */
		A7662ED71A73828E00882528 /* Build configuration list for PBXProject "Farzi" */ = {
			isa = XCConfigurationList;
			buildConfigurations = (
				A7662EFD1A73828F00882528 /* Debug */,
				A7662EFE1A73828F00882528 /* Release */,
			);
			defaultConfigurationIsVisible = 0;
			defaultConfigurationName = Release;
		};
		A7662EFF1A73828F00882528 /* Build configuration list for PBXNativeTarget "Farzi" */ = {
			isa = XCConfigurationList;
			buildConfigurations = (
				A7662F001A73828F00882528 /* Debug */,
				A7662F011A73828F00882528 /* Release */,
			);
			defaultConfigurationIsVisible = 0;
		};
		A7662F021A73828F00882528 /* Build configuration list for PBXNativeTarget "FarziTests" */ = {
			isa = XCConfigurationList;
			buildConfigurations = (
				A7662F031A73828F00882528 /* Debug */,
				A7662F041A73828F00882528 /* Release */,
			);
			defaultConfigurationIsVisible = 0;
		};
/* End XCConfigurationList section */
	};
	rootObject = A7662ED41A73828E00882528 /* Project object */;
}
